bitbucket.org/zurichess/board v1.0.0 h1:vtq0KLo13pW2nkri6s62mVFjdiKUWKRDUhTNSkhjvb8=
bitbucket.org/zurichess/board v1.0.0/go.mod h1:2sn0Md21W9Fj8hsujZHEdy+I8Y6Rd7fiFtc9f6UX78A=
bitbucket.org/zurichess/zurichess v0.0.0-20181124230012-ee20f164ad4a h1:s8bqsR0OaJvIs8X9CmSyn1/zHIltJRggobyK3PnHNuc=
bitbucket.org/zurichess/zurichess v0.0.0-20181124230012-ee20f164ad4a/go.mod h1:fiKRvd4eRid6bWnt1bKcWRLrcGZDE5DWOG+5Twc1FC8=
